
Microsoft Visual Studio Solution File, Format Version 12.00
# Visual Studio Version 16
VisualStudioVersion = 16.0.29123.88
MinimumVisualStudioVersion = 10.0.40219.1
Project("{FAE04EC0-301F-11D3-BF4B-00C04F79EFBC}") = "CodeFirstPrimer", "CodeFirstPrimer\CodeFirstPrimer.csproj", "{E2026423-4613-4A68-9A8C-D65A968730A9}"
EndProject
Global
	GlobalSection(SolutionConfigurationPlatforms) = preSolution
		Debug|Any CPU = Debug|Any CPU
		Release|Any CPU = Release|Any CPU
	EndGlobalSection
	GlobalSection(ProjectConfigurationPlatforms) = postSolution
		{E2026423-4613-4A68-9A8C-D65A968730A9}.Debug|Any CPU.ActiveCfg = Debug|Any CPU
		{E2026423-4613-4A68-9A8C-D65A968730A9}.Debug|Any CPU.Build.0 = Debug|Any CPU
		{E2026423-4613-4A68-9A8C-D65A968730A9}.Release|Any CPU.ActiveCfg = Release|Any CPU
		{E2026423-4613-4A68-9A8C-D65A968730A9}.Release|Any CPU.Build.0 = Release|Any CPU
	EndGlobalSection
	GlobalSection(SolutionProperties) = preSolution
		HideSolutionNode = FALSE
	EndGlobalSection
	GlobalSection(ExtensibilityGlobals) = postSolution
		SolutionGuid = {9A3D151C-E681-4B68-801D-359976D850A6}
	EndGlobalSection
EndGlobal
